
Microsoft Visual Studio Solution File, Format Version 12.00
# Visual Studio Version 16
VisualStudioVersion = 16.0.32428.217
MinimumVisualStudioVersion = 10.0.40219.1
Project("{FAE04EC0-301F-11D3-BF4B-00C04F79EFBC}") = "TechAcadStudentsMVC", "MVC\TechAcadStudentsMVC.csproj", "{665423AF-C4CB-47ED-B739-8784326EAAA0}"
EndProject
Global
	GlobalSection(SolutionConfigurationPlatforms) = preSolution
		Debug|Any CPU = Debug|Any CPU
		Release|Any CPU = Release|Any CPU
	EndGlobalSection
	GlobalSection(ProjectConfigurationPlatforms) = postSolution
		{665423AF-C4CB-47ED-B739-8784326EAAA0}.Debug|Any CPU.ActiveCfg = Debug|Any CPU
		{665423AF-C4CB-47ED-B739-8784326EAAA0}.Debug|Any CPU.Build.0 = Debug|Any CPU
		{665423AF-C4CB-47ED-B739-8784326EAAA0}.Release|Any CPU.ActiveCfg = Release|Any CPU
		{665423AF-C4CB-47ED-B739-8784326EAAA0}.Release|Any CPU.Build.0 = Release|Any CPU
	EndGlobalSection
	GlobalSection(SolutionProperties) = preSolution
		HideSolutionNode = FALSE
	EndGlobalSection
	GlobalSection(ExtensibilityGlobals) = postSolution
		SolutionGuid = {E89D012A-B0FF-4F5B-A14C-4655102EA8C1}
	EndGlobalSection
EndGlobal
