
Microsoft Visual Studio Solution File, Format Version 12.00
# Visual Studio Version 16
VisualStudioVersion = 16.0.32428.217
MinimumVisualStudioVersion = 10.0.40219.1
Project("{FAE04EC0-301F-11D3-BF4B-00C04F79EFBC}") = "WhileLoops", "WhileLoops\WhileLoops.csproj", "{0D88B9C1-A050-4F00-B7A9-225B83B78DE7}"
EndProject
Global
	GlobalSection(SolutionConfigurationPlatforms) = preSolution
		Debug|Any CPU = Debug|Any CPU
		Release|Any CPU = Release|Any CPU
	EndGlobalSection
	GlobalSection(ProjectConfigurationPlatforms) = postSolution
		{0D88B9C1-A050-4F00-B7A9-225B83B78DE7}.Debug|Any CPU.ActiveCfg = Debug|Any CPU
		{0D88B9C1-A050-4F00-B7A9-225B83B78DE7}.Debug|Any CPU.Build.0 = Debug|Any CPU
		{0D88B9C1-A050-4F00-B7A9-225B83B78DE7}.Release|Any CPU.ActiveCfg = Release|Any CPU
		{0D88B9C1-A050-4F00-B7A9-225B83B78DE7}.Release|Any CPU.Build.0 = Release|Any CPU
	EndGlobalSection
	GlobalSection(SolutionProperties) = preSolution
		HideSolutionNode = FALSE
	EndGlobalSection
	GlobalSection(ExtensibilityGlobals) = postSolution
		SolutionGuid = {327662AE-CFE4-4F4D-B2A4-F833A5E2506B}
	EndGlobalSection
EndGlobal
