
Microsoft Visual Studio Solution File, Format Version 12.00
# Visual Studio Version 16
VisualStudioVersion = 16.0.32428.217
MinimumVisualStudioVersion = 10.0.40219.1
Project("{FAE04EC0-301F-11D3-BF4B-00C04F79EFBC}") = "ClassesAssignment", "ClassesAssignment\ClassesAssignment.csproj", "{9632715D-0723-4A89-BCEF-94055A7A799D}"
EndProject
Global
	GlobalSection(SolutionConfigurationPlatforms) = preSolution
		Debug|Any CPU = Debug|Any CPU
		Release|Any CPU = Release|Any CPU
	EndGlobalSection
	GlobalSection(ProjectConfigurationPlatforms) = postSolution
		{9632715D-0723-4A89-BCEF-94055A7A799D}.Debug|Any CPU.ActiveCfg = Debug|Any CPU
		{9632715D-0723-4A89-BCEF-94055A7A799D}.Debug|Any CPU.Build.0 = Debug|Any CPU
		{9632715D-0723-4A89-BCEF-94055A7A799D}.Release|Any CPU.ActiveCfg = Release|Any CPU
		{9632715D-0723-4A89-BCEF-94055A7A799D}.Release|Any CPU.Build.0 = Release|Any CPU
	EndGlobalSection
	GlobalSection(SolutionProperties) = preSolution
		HideSolutionNode = FALSE
	EndGlobalSection
	GlobalSection(ExtensibilityGlobals) = postSolution
		SolutionGuid = {CE1EAEB7-38CB-4F54-B826-B2F8356F1821}
	EndGlobalSection
EndGlobal
