
Microsoft Visual Studio Solution File, Format Version 12.00
# Visual Studio Version 16
VisualStudioVersion = 16.0.32428.217
MinimumVisualStudioVersion = 10.0.40219.1
Project("{FAE04EC0-301F-11D3-BF4B-00C04F79EFBC}") = "stringsIntegers", "stringsIntegers\stringsIntegers.csproj", "{E7A1B8F2-C75E-4935-801A-FE42BCDB024B}"
EndProject
Global
	GlobalSection(SolutionConfigurationPlatforms) = preSolution
		Debug|Any CPU = Debug|Any CPU
		Release|Any CPU = Release|Any CPU
	EndGlobalSection
	GlobalSection(ProjectConfigurationPlatforms) = postSolution
		{E7A1B8F2-C75E-4935-801A-FE42BCDB024B}.Debug|Any CPU.ActiveCfg = Debug|Any CPU
		{E7A1B8F2-C75E-4935-801A-FE42BCDB024B}.Debug|Any CPU.Build.0 = Debug|Any CPU
		{E7A1B8F2-C75E-4935-801A-FE42BCDB024B}.Release|Any CPU.ActiveCfg = Release|Any CPU
		{E7A1B8F2-C75E-4935-801A-FE42BCDB024B}.Release|Any CPU.Build.0 = Release|Any CPU
	EndGlobalSection
	GlobalSection(SolutionProperties) = preSolution
		HideSolutionNode = FALSE
	EndGlobalSection
	GlobalSection(ExtensibilityGlobals) = postSolution
		SolutionGuid = {E3F4CD38-52A4-4FD2-8D0A-512546D641B6}
	EndGlobalSection
EndGlobal
