
Microsoft Visual Studio Solution File, Format Version 12.00
# Visual Studio Version 16
VisualStudioVersion = 16.0.32428.217
MinimumVisualStudioVersion = 10.0.40219.1
Project("{FAE04EC0-301F-11D3-BF4B-00C04F79EFBC}") = "exceptionHandling", "exceptionHandling\exceptionHandling.csproj", "{5391F71B-A77E-45DC-839C-25E91321DF60}"
EndProject
Global
	GlobalSection(SolutionConfigurationPlatforms) = preSolution
		Debug|Any CPU = Debug|Any CPU
		Release|Any CPU = Release|Any CPU
	EndGlobalSection
	GlobalSection(ProjectConfigurationPlatforms) = postSolution
		{5391F71B-A77E-45DC-839C-25E91321DF60}.Debug|Any CPU.ActiveCfg = Debug|Any CPU
		{5391F71B-A77E-45DC-839C-25E91321DF60}.Debug|Any CPU.Build.0 = Debug|Any CPU
		{5391F71B-A77E-45DC-839C-25E91321DF60}.Release|Any CPU.ActiveCfg = Release|Any CPU
		{5391F71B-A77E-45DC-839C-25E91321DF60}.Release|Any CPU.Build.0 = Release|Any CPU
	EndGlobalSection
	GlobalSection(SolutionProperties) = preSolution
		HideSolutionNode = FALSE
	EndGlobalSection
	GlobalSection(ExtensibilityGlobals) = postSolution
		SolutionGuid = {C2C08779-C348-409C-97BE-CE92750A25B1}
	EndGlobalSection
EndGlobal
