
Microsoft Visual Studio Solution File, Format Version 12.00
# Visual Studio Version 16
VisualStudioVersion = 16.0.32428.217
MinimumVisualStudioVersion = 10.0.40219.1
Project("{FAE04EC0-301F-11D3-BF4B-00C04F79EFBC}") = "moreMethods", "moreMethods\moreMethods.csproj", "{D0CD8206-E6D8-4FBE-B82D-2F604FF39075}"
EndProject
Global
	GlobalSection(SolutionConfigurationPlatforms) = preSolution
		Debug|Any CPU = Debug|Any CPU
		Release|Any CPU = Release|Any CPU
	EndGlobalSection
	GlobalSection(ProjectConfigurationPlatforms) = postSolution
		{D0CD8206-E6D8-4FBE-B82D-2F604FF39075}.Debug|Any CPU.ActiveCfg = Debug|Any CPU
		{D0CD8206-E6D8-4FBE-B82D-2F604FF39075}.Debug|Any CPU.Build.0 = Debug|Any CPU
		{D0CD8206-E6D8-4FBE-B82D-2F604FF39075}.Release|Any CPU.ActiveCfg = Release|Any CPU
		{D0CD8206-E6D8-4FBE-B82D-2F604FF39075}.Release|Any CPU.Build.0 = Release|Any CPU
	EndGlobalSection
	GlobalSection(SolutionProperties) = preSolution
		HideSolutionNode = FALSE
	EndGlobalSection
	GlobalSection(ExtensibilityGlobals) = postSolution
		SolutionGuid = {A2C6E352-DFD6-451F-8BB9-F1F7AD2E2A01}
	EndGlobalSection
EndGlobal
