
Microsoft Visual Studio Solution File, Format Version 12.00
# Visual Studio Version 16
VisualStudioVersion = 16.0.32428.217
MinimumVisualStudioVersion = 10.0.40219.1
Project("{FAE04EC0-301F-11D3-BF4B-00C04F79EFBC}") = "TwentyOne", "TwentyOne\TwentyOne.csproj", "{39461CCE-2D47-42C0-893E-3642E1082EAE}"
EndProject
Global
	GlobalSection(SolutionConfigurationPlatforms) = preSolution
		Debug|Any CPU = Debug|Any CPU
		Release|Any CPU = Release|Any CPU
	EndGlobalSection
	GlobalSection(ProjectConfigurationPlatforms) = postSolution
		{39461CCE-2D47-42C0-893E-3642E1082EAE}.Debug|Any CPU.ActiveCfg = Debug|Any CPU
		{39461CCE-2D47-42C0-893E-3642E1082EAE}.Debug|Any CPU.Build.0 = Debug|Any CPU
		{39461CCE-2D47-42C0-893E-3642E1082EAE}.Release|Any CPU.ActiveCfg = Release|Any CPU
		{39461CCE-2D47-42C0-893E-3642E1082EAE}.Release|Any CPU.Build.0 = Release|Any CPU
	EndGlobalSection
	GlobalSection(SolutionProperties) = preSolution
		HideSolutionNode = FALSE
	EndGlobalSection
	GlobalSection(ExtensibilityGlobals) = postSolution
		SolutionGuid = {2BAF325E-9D31-42EE-B5F5-920B040326A3}
	EndGlobalSection
EndGlobal
