
Microsoft Visual Studio Solution File, Format Version 12.00
# Visual Studio Version 16
VisualStudioVersion = 16.0.32428.217
MinimumVisualStudioVersion = 10.0.40219.1
Project("{FAE04EC0-301F-11D3-BF4B-00C04F79EFBC}") = "myConsoleProject.cs", "myConsoleProject.cs\myConsoleProject.cs.csproj", "{F48A6125-5429-45CF-AB01-72931526E7C6}"
EndProject
Global
	GlobalSection(SolutionConfigurationPlatforms) = preSolution
		Debug|Any CPU = Debug|Any CPU
		Release|Any CPU = Release|Any CPU
	EndGlobalSection
	GlobalSection(ProjectConfigurationPlatforms) = postSolution
		{F48A6125-5429-45CF-AB01-72931526E7C6}.Debug|Any CPU.ActiveCfg = Debug|Any CPU
		{F48A6125-5429-45CF-AB01-72931526E7C6}.Debug|Any CPU.Build.0 = Debug|Any CPU
		{F48A6125-5429-45CF-AB01-72931526E7C6}.Release|Any CPU.ActiveCfg = Release|Any CPU
		{F48A6125-5429-45CF-AB01-72931526E7C6}.Release|Any CPU.Build.0 = Release|Any CPU
	EndGlobalSection
	GlobalSection(SolutionProperties) = preSolution
		HideSolutionNode = FALSE
	EndGlobalSection
	GlobalSection(ExtensibilityGlobals) = postSolution
		SolutionGuid = {DBC5693A-FDD4-4104-9F83-319153F51631}
	EndGlobalSection
EndGlobal
